
Microsoft Visual Studio Solution File, Format Version 12.00
# Visual Studio Version 17
VisualStudioVersion = 17.0.31903.59
MinimumVisualStudioVersion = 10.0.40219.1
Project("{2150E333-8FDC-42A3-9474-1A3956D46DE8}") = "day-01", "day-01", "{DCA9D0DC-FA68-43F5-987E-F06A44C8B4E0}"
EndProject
Project("{F2A71F9B-5D33-465A-A702-920D77279786}") = "day-01", "day-01\day-01\day-01.fsproj", "{151EAB60-609C-42DB-AC88-B653E78853A5}"
EndProject
Project("{F2A71F9B-5D33-465A-A702-920D77279786}") = "day-01.test", "day-01\day-01.test\day-01.test.fsproj", "{857B37DF-D374-42BC-8C48-0397F2432297}"
EndProject
Project("{2150E333-8FDC-42A3-9474-1A3956D46DE8}") = "day-02", "day-02", "{D69B6BCF-2864-437B-8BE5-11526084CCE4}"
EndProject
Project("{F2A71F9B-5D33-465A-A702-920D77279786}") = "day-02", "day-02\day-02\day-02.fsproj", "{BC0813D5-D1B6-4945-8934-FAB14E60A483}"
EndProject
Project("{F2A71F9B-5D33-465A-A702-920D77279786}") = "day-02.test", "day-02\day-02.test\day-02.test.fsproj", "{D0129763-7A31-4626-95F7-2CF5367E2CF3}"
EndProject
Global
	GlobalSection(SolutionConfigurationPlatforms) = preSolution
		Debug|Any CPU = Debug|Any CPU
		Release|Any CPU = Release|Any CPU
	EndGlobalSection
	GlobalSection(SolutionProperties) = preSolution
		HideSolutionNode = FALSE
	EndGlobalSection
	GlobalSection(ProjectConfigurationPlatforms) = postSolution
		{151EAB60-609C-42DB-AC88-B653E78853A5}.Debug|Any CPU.ActiveCfg = Debug|Any CPU
		{151EAB60-609C-42DB-AC88-B653E78853A5}.Debug|Any CPU.Build.0 = Debug|Any CPU
		{151EAB60-609C-42DB-AC88-B653E78853A5}.Release|Any CPU.ActiveCfg = Release|Any CPU
		{151EAB60-609C-42DB-AC88-B653E78853A5}.Release|Any CPU.Build.0 = Release|Any CPU
		{857B37DF-D374-42BC-8C48-0397F2432297}.Debug|Any CPU.ActiveCfg = Debug|Any CPU
		{857B37DF-D374-42BC-8C48-0397F2432297}.Debug|Any CPU.Build.0 = Debug|Any CPU
		{857B37DF-D374-42BC-8C48-0397F2432297}.Release|Any CPU.ActiveCfg = Release|Any CPU
		{857B37DF-D374-42BC-8C48-0397F2432297}.Release|Any CPU.Build.0 = Release|Any CPU
		{BC0813D5-D1B6-4945-8934-FAB14E60A483}.Debug|Any CPU.ActiveCfg = Debug|Any CPU
		{BC0813D5-D1B6-4945-8934-FAB14E60A483}.Debug|Any CPU.Build.0 = Debug|Any CPU
		{BC0813D5-D1B6-4945-8934-FAB14E60A483}.Release|Any CPU.ActiveCfg = Release|Any CPU
		{BC0813D5-D1B6-4945-8934-FAB14E60A483}.Release|Any CPU.Build.0 = Release|Any CPU
		{D0129763-7A31-4626-95F7-2CF5367E2CF3}.Debug|Any CPU.ActiveCfg = Debug|Any CPU
		{D0129763-7A31-4626-95F7-2CF5367E2CF3}.Debug|Any CPU.Build.0 = Debug|Any CPU
		{D0129763-7A31-4626-95F7-2CF5367E2CF3}.Release|Any CPU.ActiveCfg = Release|Any CPU
		{D0129763-7A31-4626-95F7-2CF5367E2CF3}.Release|Any CPU.Build.0 = Release|Any CPU
	EndGlobalSection
	GlobalSection(NestedProjects) = preSolution
		{151EAB60-609C-42DB-AC88-B653E78853A5} = {DCA9D0DC-FA68-43F5-987E-F06A44C8B4E0}
		{857B37DF-D374-42BC-8C48-0397F2432297} = {DCA9D0DC-FA68-43F5-987E-F06A44C8B4E0}
		{BC0813D5-D1B6-4945-8934-FAB14E60A483} = {D69B6BCF-2864-437B-8BE5-11526084CCE4}
		{D0129763-7A31-4626-95F7-2CF5367E2CF3} = {D69B6BCF-2864-437B-8BE5-11526084CCE4}
	EndGlobalSection
EndGlobal
